
Microsoft Visual Studio Solution File, Format Version 12.00
# Visual Studio 15
VisualStudioVersion = 15.0.26730.12
MinimumVisualStudioVersion = 10.0.40219.1
Project("{FAE04EC0-301F-11D3-BF4B-00C04F79EFBC}") = "Calculadora.Android", "Calculadora\Calculadora.Android\Calculadora.Android.csproj", "{DD220327-4FA4-45BB-A293-1A757BFDCCE4}"
EndProject
Project("{FAE04EC0-301F-11D3-BF4B-00C04F79EFBC}") = "Calculadora", "Calculadora\Calculadora\Calculadora.csproj", "{B132F63A-D2C6-4D67-82FA-E5F3F4A0DED7}"
EndProject
Project("{FAE04EC0-301F-11D3-BF4B-00C04F79EFBC}") = "Calculadora.UWP", "Calculadora\Calculadora.UWP\Calculadora.UWP.csproj", "{D65C4CE2-2422-4B57-894D-50C0E602F4D0}"
EndProject
Project("{FAE04EC0-301F-11D3-BF4B-00C04F79EFBC}") = "Calculadora.iOS", "Calculadora\Calculadora.iOS\Calculadora.iOS.csproj", "{478BE63E-5808-43C1-ABF2-D228FC637B3A}"
EndProject
Global
	GlobalSection(SolutionConfigurationPlatforms) = preSolution
		Ad-Hoc|Any CPU = Ad-Hoc|Any CPU
		Ad-Hoc|ARM = Ad-Hoc|ARM
		Ad-Hoc|iPhone = Ad-Hoc|iPhone
		Ad-Hoc|iPhoneSimulator = Ad-Hoc|iPhoneSimulator
		Ad-Hoc|x64 = Ad-Hoc|x64
		Ad-Hoc|x86 = Ad-Hoc|x86
		AppStore|Any CPU = AppStore|Any CPU
		AppStore|ARM = AppStore|ARM
		AppStore|iPhone = AppStore|iPhone
		AppStore|iPhoneSimulator = AppStore|iPhoneSimulator
		AppStore|x64 = AppStore|x64
		AppStore|x86 = AppStore|x86
		Debug|Any CPU = Debug|Any CPU
		Debug|ARM = Debug|ARM
		Debug|iPhone = Debug|iPhone
		Debug|iPhoneSimulator = Debug|iPhoneSimulator
		Debug|x64 = Debug|x64
		Debug|x86 = Debug|x86
		Release|Any CPU = Release|Any CPU
		Release|ARM = Release|ARM
		Release|iPhone = Release|iPhone
		Release|iPhoneSimulator = Release|iPhoneSimulator
		Release|x64 = Release|x64
		Release|x86 = Release|x86
	EndGlobalSection
	GlobalSection(ProjectConfigurationPlatforms) = postSolution
		{DD220327-4FA4-45BB-A293-1A757BFDCCE4}.Ad-Hoc|Any CPU.ActiveCfg = Release|Any CPU
		{DD220327-4FA4-45BB-A293-1A757BFDCCE4}.Ad-Hoc|Any CPU.Build.0 = Release|Any CPU
		{DD220327-4FA4-45BB-A293-1A757BFDCCE4}.Ad-Hoc|Any CPU.Deploy.0 = Release|Any CPU
		{DD220327-4FA4-45BB-A293-1A757BFDCCE4}.Ad-Hoc|ARM.ActiveCfg = Release|Any CPU
		{DD220327-4FA4-45BB-A293-1A757BFDCCE4}.Ad-Hoc|ARM.Build.0 = Release|Any CPU
		{DD220327-4FA4-45BB-A293-1A757BFDCCE4}.Ad-Hoc|ARM.Deploy.0 = Release|Any CPU
		{DD220327-4FA4-45BB-A293-1A757BFDCCE4}.Ad-Hoc|iPhone.ActiveCfg = Release|Any CPU
		{DD220327-4FA4-45BB-A293-1A757BFDCCE4}.Ad-Hoc|iPhone.Build.0 = Release|Any CPU
		{DD220327-4FA4-45BB-A293-1A757BFDCCE4}.Ad-Hoc|iPhone.Deploy.0 = Release|Any CPU
		{DD220327-4FA4-45BB-A293-1A757BFDCCE4}.Ad-Hoc|iPhoneSimulator.ActiveCfg = Release|Any CPU
		{DD220327-4FA4-45BB-A293-1A757BFDCCE4}.Ad-Hoc|iPhoneSimulator.Build.0 = Release|Any CPU
		{DD220327-4FA4-45BB-A293-1A757BFDCCE4}.Ad-Hoc|iPhoneSimulator.Deploy.0 = Release|Any CPU
		{DD220327-4FA4-45BB-A293-1A757BFDCCE4}.Ad-Hoc|x64.ActiveCfg = Release|Any CPU
		{DD220327-4FA4-45BB-A293-1A757BFDCCE4}.Ad-Hoc|x64.Build.0 = Release|Any CPU
		{DD220327-4FA4-45BB-A293-1A757BFDCCE4}.Ad-Hoc|x64.Deploy.0 = Release|Any CPU
		{DD220327-4FA4-45BB-A293-1A757BFDCCE4}.Ad-Hoc|x86.ActiveCfg = Release|Any CPU
		{DD220327-4FA4-45BB-A293-1A757BFDCCE4}.Ad-Hoc|x86.Build.0 = Release|Any CPU
		{DD220327-4FA4-45BB-A293-1A757BFDCCE4}.Ad-Hoc|x86.Deploy.0 = Release|Any CPU
		{DD220327-4FA4-45BB-A293-1A757BFDCCE4}.AppStore|Any CPU.ActiveCfg = Release|Any CPU
		{DD220327-4FA4-45BB-A293-1A757BFDCCE4}.AppStore|Any CPU.Build.0 = Release|Any CPU
		{DD220327-4FA4-45BB-A293-1A757BFDCCE4}.AppStore|Any CPU.Deploy.0 = Release|Any CPU
		{DD220327-4FA4-45BB-A293-1A757BFDCCE4}.AppStore|ARM.ActiveCfg = Release|Any CPU
		{DD220327-4FA4-45BB-A293-1A757BFDCCE4}.AppStore|ARM.Build.0 = Release|Any CPU
		{DD220327-4FA4-45BB-A293-1A757BFDCCE4}.AppStore|ARM.Deploy.0 = Release|Any CPU
		{DD220327-4FA4-45BB-A293-1A757BFDCCE4}.AppStore|iPhone.ActiveCfg = Release|Any CPU
		{DD220327-4FA4-45BB-A293-1A757BFDCCE4}.AppStore|iPhone.Build.0 = Release|Any CPU
		{DD220327-4FA4-45BB-A293-1A757BFDCCE4}.AppStore|iPhone.Deploy.0 = Release|Any CPU
		{DD220327-4FA4-45BB-A293-1A757BFDCCE4}.AppStore|iPhoneSimulator.ActiveCfg = Release|Any CPU
		{DD220327-4FA4-45BB-A293-1A757BFDCCE4}.AppStore|iPhoneSimulator.Build.0 = Release|Any CPU
		{DD220327-4FA4-45BB-A293-1A757BFDCCE4}.AppStore|iPhoneSimulator.Deploy.0 = Release|Any CPU
		{DD220327-4FA4-45BB-A293-1A757BFDCCE4}.AppStore|x64.ActiveCfg = Release|Any CPU
		{DD220327-4FA4-45BB-A293-1A757BFDCCE4}.AppStore|x64.Build.0 = Release|Any CPU
		{DD220327-4FA4-45BB-A293-1A757BFDCCE4}.AppStore|x64.Deploy.0 = Release|Any CPU
		{DD220327-4FA4-45BB-A293-1A757BFDCCE4}.AppStore|x86.ActiveCfg = Release|Any CPU
		{DD220327-4FA4-45BB-A293-1A757BFDCCE4}.AppStore|x86.Build.0 = Release|Any CPU
		{DD220327-4FA4-45BB-A293-1A757BFDCCE4}.AppStore|x86.Deploy.0 = Release|Any CPU
		{DD220327-4FA4-45BB-A293-1A757BFDCCE4}.Debug|Any CPU.ActiveCfg = Debug|Any CPU
		{DD220327-4FA4-45BB-A293-1A757BFDCCE4}.Debug|Any CPU.Build.0 = Debug|Any CPU
		{DD220327-4FA4-45BB-A293-1A757BFDCCE4}.Debug|Any CPU.Deploy.0 = Debug|Any CPU
		{DD220327-4FA4-45BB-A293-1A757BFDCCE4}.Debug|ARM.ActiveCfg = Debug|Any CPU
		{DD220327-4FA4-45BB-A293-1A757BFDCCE4}.Debug|ARM.Build.0 = Debug|Any CPU
		{DD220327-4FA4-45BB-A293-1A757BFDCCE4}.Debug|ARM.Deploy.0 = Debug|Any CPU
		{DD220327-4FA4-45BB-A293-1A757BFDCCE4}.Debug|iPhone.ActiveCfg = Debug|Any CPU
		{DD220327-4FA4-45BB-A293-1A757BFDCCE4}.Debug|iPhone.Build.0 = Debug|Any CPU
		{DD220327-4FA4-45BB-A293-1A757BFDCCE4}.Debug|iPhone.Deploy.0 = Debug|Any CPU
		{DD220327-4FA4-45BB-A293-1A757BFDCCE4}.Debug|iPhoneSimulator.ActiveCfg = Debug|Any CPU
		{DD220327-4FA4-45BB-A293-1A757BFDCCE4}.Debug|iPhoneSimulator.Build.0 = Debug|Any CPU
		{DD220327-4FA4-45BB-A293-1A757BFDCCE4}.Debug|iPhoneSimulator.Deploy.0 = Debug|Any CPU
		{DD220327-4FA4-45BB-A293-1A757BFDCCE4}.Debug|x64.ActiveCfg = Debug|Any CPU
		{DD220327-4FA4-45BB-A293-1A757BFDCCE4}.Debug|x64.Build.0 = Debug|Any CPU
		{DD220327-4FA4-45BB-A293-1A757BFDCCE4}.Debug|x64.Deploy.0 = Debug|Any CPU
		{DD220327-4FA4-45BB-A293-1A757BFDCCE4}.Debug|x86.ActiveCfg = Debug|Any CPU
		{DD220327-4FA4-45BB-A293-1A757BFDCCE4}.Debug|x86.Build.0 = Debug|Any CPU
		{DD220327-4FA4-45BB-A293-1A757BFDCCE4}.Debug|x86.Deploy.0 = Debug|Any CPU
		{DD220327-4FA4-45BB-A293-1A757BFDCCE4}.Release|Any CPU.ActiveCfg = Release|Any CPU
		{DD220327-4FA4-45BB-A293-1A757BFDCCE4}.Release|Any CPU.Build.0 = Release|Any CPU
		{DD220327-4FA4-45BB-A293-1A757BFDCCE4}.Release|Any CPU.Deploy.0 = Release|Any CPU
		{DD220327-4FA4-45BB-A293-1A757BFDCCE4}.Release|ARM.ActiveCfg = Release|Any CPU
		{DD220327-4FA4-45BB-A293-1A757BFDCCE4}.Release|ARM.Build.0 = Release|Any CPU
		{DD220327-4FA4-45BB-A293-1A757BFDCCE4}.Release|ARM.Deploy.0 = Release|Any CPU
		{DD220327-4FA4-45BB-A293-1A757BFDCCE4}.Release|iPhone.ActiveCfg = Release|Any CPU
		{DD220327-4FA4-45BB-A293-1A757BFDCCE4}.Release|iPhone.Build.0 = Release|Any CPU
		{DD220327-4FA4-45BB-A293-1A757BFDCCE4}.Release|iPhone.Deploy.0 = Release|Any CPU
		{DD220327-4FA4-45BB-A293-1A757BFDCCE4}.Release|iPhoneSimulator.ActiveCfg = Release|Any CPU
		{DD220327-4FA4-45BB-A293-1A757BFDCCE4}.Release|iPhoneSimulator.Build.0 = Release|Any CPU
		{DD220327-4FA4-45BB-A293-1A757BFDCCE4}.Release|iPhoneSimulator.Deploy.0 = Release|Any CPU
		{DD220327-4FA4-45BB-A293-1A757BFDCCE4}.Release|x64.ActiveCfg = Release|Any CPU
		{DD220327-4FA4-45BB-A293-1A757BFDCCE4}.Release|x64.Build.0 = Release|Any CPU
		{DD220327-4FA4-45BB-A293-1A757BFDCCE4}.Release|x64.Deploy.0 = Release|Any CPU
		{DD220327-4FA4-45BB-A293-1A757BFDCCE4}.Release|x86.ActiveCfg = Release|Any CPU
		{DD220327-4FA4-45BB-A293-1A757BFDCCE4}.Release|x86.Build.0 = Release|Any CPU
		{DD220327-4FA4-45BB-A293-1A757BFDCCE4}.Release|x86.Deploy.0 = Release|Any CPU
		{B132F63A-D2C6-4D67-82FA-E5F3F4A0DED7}.Ad-Hoc|Any CPU.ActiveCfg = Release|Any CPU
		{B132F63A-D2C6-4D67-82FA-E5F3F4A0DED7}.Ad-Hoc|Any CPU.Build.0 = Release|Any CPU
		{B132F63A-D2C6-4D67-82FA-E5F3F4A0DED7}.Ad-Hoc|ARM.ActiveCfg = Release|Any CPU
		{B132F63A-D2C6-4D67-82FA-E5F3F4A0DED7}.Ad-Hoc|ARM.Build.0 = Release|Any CPU
		{B132F63A-D2C6-4D67-82FA-E5F3F4A0DED7}.Ad-Hoc|iPhone.ActiveCfg = Release|Any CPU
		{B132F63A-D2C6-4D67-82FA-E5F3F4A0DED7}.Ad-Hoc|iPhone.Build.0 = Release|Any CPU
		{B132F63A-D2C6-4D67-82FA-E5F3F4A0DED7}.Ad-Hoc|iPhoneSimulator.ActiveCfg = Release|Any CPU
		{B132F63A-D2C6-4D67-82FA-E5F3F4A0DED7}.Ad-Hoc|iPhoneSimulator.Build.0 = Release|Any CPU
		{B132F63A-D2C6-4D67-82FA-E5F3F4A0DED7}.Ad-Hoc|x64.ActiveCfg = Release|Any CPU
		{B132F63A-D2C6-4D67-82FA-E5F3F4A0DED7}.Ad-Hoc|x64.Build.0 = Release|Any CPU
		{B132F63A-D2C6-4D67-82FA-E5F3F4A0DED7}.Ad-Hoc|x86.ActiveCfg = Release|Any CPU
		{B132F63A-D2C6-4D67-82FA-E5F3F4A0DED7}.Ad-Hoc|x86.Build.0 = Release|Any CPU
		{B132F63A-D2C6-4D67-82FA-E5F3F4A0DED7}.AppStore|Any CPU.ActiveCfg = Release|Any CPU
		{B132F63A-D2C6-4D67-82FA-E5F3F4A0DED7}.AppStore|Any CPU.Build.0 = Release|Any CPU
		{B132F63A-D2C6-4D67-82FA-E5F3F4A0DED7}.AppStore|ARM.ActiveCfg = Release|Any CPU
		{B132F63A-D2C6-4D67-82FA-E5F3F4A0DED7}.AppStore|ARM.Build.0 = Release|Any CPU
		{B132F63A-D2C6-4D67-82FA-E5F3F4A0DED7}.AppStore|iPhone.ActiveCfg = Release|Any CPU
		{B132F63A-D2C6-4D67-82FA-E5F3F4A0DED7}.AppStore|iPhone.Build.0 = Release|Any CPU
		{B132F63A-D2C6-4D67-82FA-E5F3F4A0DED7}.AppStore|iPhoneSimulator.ActiveCfg = Release|Any CPU
		{B132F63A-D2C6-4D67-82FA-E5F3F4A0DED7}.AppStore|iPhoneSimulator.Build.0 = Release|Any CPU
		{B132F63A-D2C6-4D67-82FA-E5F3F4A0DED7}.AppStore|x64.ActiveCfg = Release|Any CPU
		{B132F63A-D2C6-4D67-82FA-E5F3F4A0DED7}.AppStore|x64.Build.0 = Release|Any CPU
		{B132F63A-D2C6-4D67-82FA-E5F3F4A0DED7}.AppStore|x86.ActiveCfg = Release|Any CPU
		{B132F63A-D2C6-4D67-82FA-E5F3F4A0DED7}.AppStore|x86.Build.0 = Release|Any CPU
		{B132F63A-D2C6-4D67-82FA-E5F3F4A0DED7}.Debug|Any CPU.ActiveCfg = Debug|Any CPU
		{B132F63A-D2C6-4D67-82FA-E5F3F4A0DED7}.Debug|Any CPU.Build.0 = Debug|Any CPU
		{B132F63A-D2C6-4D67-82FA-E5F3F4A0DED7}.Debug|ARM.ActiveCfg = Debug|Any CPU
		{B132F63A-D2C6-4D67-82FA-E5F3F4A0DED7}.Debug|ARM.Build.0 = Debug|Any CPU
		{B132F63A-D2C6-4D67-82FA-E5F3F4A0DED7}.Debug|iPhone.ActiveCfg = Debug|Any CPU
		{B132F63A-D2C6-4D67-82FA-E5F3F4A0DED7}.Debug|iPhone.Build.0 = Debug|Any CPU
		{B132F63A-D2C6-4D67-82FA-E5F3F4A0DED7}.Debug|iPhoneSimulator.ActiveCfg = Debug|Any CPU
		{B132F63A-D2C6-4D67-82FA-E5F3F4A0DED7}.Debug|iPhoneSimulator.Build.0 = Debug|Any CPU
		{B132F63A-D2C6-4D67-82FA-E5F3F4A0DED7}.Debug|x64.ActiveCfg = Debug|Any CPU
		{B132F63A-D2C6-4D67-82FA-E5F3F4A0DED7}.Debug|x64.Build.0 = Debug|Any CPU
		{B132F63A-D2C6-4D67-82FA-E5F3F4A0DED7}.Debug|x86.ActiveCfg = Debug|Any CPU
		{B132F63A-D2C6-4D67-82FA-E5F3F4A0DED7}.Debug|x86.Build.0 = Debug|Any CPU
		{B132F63A-D2C6-4D67-82FA-E5F3F4A0DED7}.Release|Any CPU.ActiveCfg = Release|Any CPU
		{B132F63A-D2C6-4D67-82FA-E5F3F4A0DED7}.Release|Any CPU.Build.0 = Release|Any CPU
		{B132F63A-D2C6-4D67-82FA-E5F3F4A0DED7}.Release|ARM.ActiveCfg = Release|Any CPU
		{B132F63A-D2C6-4D67-82FA-E5F3F4A0DED7}.Release|ARM.Build.0 = Release|Any CPU
		{B132F63A-D2C6-4D67-82FA-E5F3F4A0DED7}.Release|iPhone.ActiveCfg = Release|Any CPU
		{B132F63A-D2C6-4D67-82FA-E5F3F4A0DED7}.Release|iPhone.Build.0 = Release|Any CPU
		{B132F63A-D2C6-4D67-82FA-E5F3F4A0DED7}.Release|iPhoneSimulator.ActiveCfg = Release|Any CPU
		{B132F63A-D2C6-4D67-82FA-E5F3F4A0DED7}.Release|iPhoneSimulator.Build.0 = Release|Any CPU
		{B132F63A-D2C6-4D67-82FA-E5F3F4A0DED7}.Release|x64.ActiveCfg = Release|Any CPU
		{B132F63A-D2C6-4D67-82FA-E5F3F4A0DED7}.Release|x64.Build.0 = Release|Any CPU
		{B132F63A-D2C6-4D67-82FA-E5F3F4A0DED7}.Release|x86.ActiveCfg = Release|Any CPU
		{B132F63A-D2C6-4D67-82FA-E5F3F4A0DED7}.Release|x86.Build.0 = Release|Any CPU
		{D65C4CE2-2422-4B57-894D-50C0E602F4D0}.Ad-Hoc|Any CPU.ActiveCfg = Release|x86
		{D65C4CE2-2422-4B57-894D-50C0E602F4D0}.Ad-Hoc|Any CPU.Build.0 = Release|x86
		{D65C4CE2-2422-4B57-894D-50C0E602F4D0}.Ad-Hoc|Any CPU.Deploy.0 = Release|x86
		{D65C4CE2-2422-4B57-894D-50C0E602F4D0}.Ad-Hoc|ARM.ActiveCfg = Release|ARM
		{D65C4CE2-2422-4B57-894D-50C0E602F4D0}.Ad-Hoc|ARM.Build.0 = Release|ARM
		{D65C4CE2-2422-4B57-894D-50C0E602F4D0}.Ad-Hoc|ARM.Deploy.0 = Release|ARM
		{D65C4CE2-2422-4B57-894D-50C0E602F4D0}.Ad-Hoc|iPhone.ActiveCfg = Release|x86
		{D65C4CE2-2422-4B57-894D-50C0E602F4D0}.Ad-Hoc|iPhone.Build.0 = Release|x86
		{D65C4CE2-2422-4B57-894D-50C0E602F4D0}.Ad-Hoc|iPhone.Deploy.0 = Release|x86
		{D65C4CE2-2422-4B57-894D-50C0E602F4D0}.Ad-Hoc|iPhoneSimulator.ActiveCfg = Release|x86
		{D65C4CE2-2422-4B57-894D-50C0E602F4D0}.Ad-Hoc|iPhoneSimulator.Build.0 = Release|x86
		{D65C4CE2-2422-4B57-894D-50C0E602F4D0}.Ad-Hoc|iPhoneSimulator.Deploy.0 = Release|x86
		{D65C4CE2-2422-4B57-894D-50C0E602F4D0}.Ad-Hoc|x64.ActiveCfg = Release|x64
		{D65C4CE2-2422-4B57-894D-50C0E602F4D0}.Ad-Hoc|x64.Build.0 = Release|x64
		{D65C4CE2-2422-4B57-894D-50C0E602F4D0}.Ad-Hoc|x64.Deploy.0 = Release|x64
		{D65C4CE2-2422-4B57-894D-50C0E602F4D0}.Ad-Hoc|x86.ActiveCfg = Release|x86
		{D65C4CE2-2422-4B57-894D-50C0E602F4D0}.Ad-Hoc|x86.Build.0 = Release|x86
		{D65C4CE2-2422-4B57-894D-50C0E602F4D0}.Ad-Hoc|x86.Deploy.0 = Release|x86
		{D65C4CE2-2422-4B57-894D-50C0E602F4D0}.AppStore|Any CPU.ActiveCfg = Release|x86
		{D65C4CE2-2422-4B57-894D-50C0E602F4D0}.AppStore|Any CPU.Build.0 = Release|x86
		{D65C4CE2-2422-4B57-894D-50C0E602F4D0}.AppStore|Any CPU.Deploy.0 = Release|x86
		{D65C4CE2-2422-4B57-894D-50C0E602F4D0}.AppStore|ARM.ActiveCfg = Release|ARM
		{D65C4CE2-2422-4B57-894D-50C0E602F4D0}.AppStore|ARM.Build.0 = Release|ARM
		{D65C4CE2-2422-4B57-894D-50C0E602F4D0}.AppStore|ARM.Deploy.0 = Release|ARM
		{D65C4CE2-2422-4B57-894D-50C0E602F4D0}.AppStore|iPhone.ActiveCfg = Release|x86
		{D65C4CE2-2422-4B57-894D-50C0E602F4D0}.AppStore|iPhone.Build.0 = Release|x86
		{D65C4CE2-2422-4B57-894D-50C0E602F4D0}.AppStore|iPhone.Deploy.0 = Release|x86
		{D65C4CE2-2422-4B57-894D-50C0E602F4D0}.AppStore|iPhoneSimulator.ActiveCfg = Release|x86
		{D65C4CE2-2422-4B57-894D-50C0E602F4D0}.AppStore|iPhoneSimulator.Build.0 = Release|x86
		{D65C4CE2-2422-4B57-894D-50C0E602F4D0}.AppStore|iPhoneSimulator.Deploy.0 = Release|x86
		{D65C4CE2-2422-4B57-894D-50C0E602F4D0}.AppStore|x64.ActiveCfg = Release|x64
		{D65C4CE2-2422-4B57-894D-50C0E602F4D0}.AppStore|x64.Build.0 = Release|x64
		{D65C4CE2-2422-4B57-894D-50C0E602F4D0}.AppStore|x64.Deploy.0 = Release|x64
		{D65C4CE2-2422-4B57-894D-50C0E602F4D0}.AppStore|x86.ActiveCfg = Release|x86
		{D65C4CE2-2422-4B57-894D-50C0E602F4D0}.AppStore|x86.Build.0 = Release|x86
		{D65C4CE2-2422-4B57-894D-50C0E602F4D0}.AppStore|x86.Deploy.0 = Release|x86
		{D65C4CE2-2422-4B57-894D-50C0E602F4D0}.Debug|Any CPU.ActiveCfg = Debug|x86
		{D65C4CE2-2422-4B57-894D-50C0E602F4D0}.Debug|ARM.ActiveCfg = Debug|ARM
		{D65C4CE2-2422-4B57-894D-50C0E602F4D0}.Debug|ARM.Build.0 = Debug|ARM
		{D65C4CE2-2422-4B57-894D-50C0E602F4D0}.Debug|ARM.Deploy.0 = Debug|ARM
		{D65C4CE2-2422-4B57-894D-50C0E602F4D0}.Debug|iPhone.ActiveCfg = Debug|x86
		{D65C4CE2-2422-4B57-894D-50C0E602F4D0}.Debug|iPhoneSimulator.ActiveCfg = Debug|x86
		{D65C4CE2-2422-4B57-894D-50C0E602F4D0}.Debug|x64.ActiveCfg = Debug|x64
		{D65C4CE2-2422-4B57-894D-50C0E602F4D0}.Debug|x64.Build.0 = Debug|x64
		{D65C4CE2-2422-4B57-894D-50C0E602F4D0}.Debug|x64.Deploy.0 = Debug|x64
		{D65C4CE2-2422-4B57-894D-50C0E602F4D0}.Debug|x86.ActiveCfg = Debug|x86
		{D65C4CE2-2422-4B57-894D-50C0E602F4D0}.Debug|x86.Build.0 = Debug|x86
		{D65C4CE2-2422-4B57-894D-50C0E602F4D0}.Debug|x86.Deploy.0 = Debug|x86
		{D65C4CE2-2422-4B57-894D-50C0E602F4D0}.Release|Any CPU.ActiveCfg = Release|x86
		{D65C4CE2-2422-4B57-894D-50C0E602F4D0}.Release|ARM.ActiveCfg = Release|ARM
		{D65C4CE2-2422-4B57-894D-50C0E602F4D0}.Release|ARM.Build.0 = Release|ARM
		{D65C4CE2-2422-4B57-894D-50C0E602F4D0}.Release|ARM.Deploy.0 = Release|ARM
		{D65C4CE2-2422-4B57-894D-50C0E602F4D0}.Release|iPhone.ActiveCfg = Release|x86
		{D65C4CE2-2422-4B57-894D-50C0E602F4D0}.Release|iPhoneSimulator.ActiveCfg = Release|x86
		{D65C4CE2-2422-4B57-894D-50C0E602F4D0}.Release|x64.ActiveCfg = Release|x64
		{D65C4CE2-2422-4B57-894D-50C0E602F4D0}.Release|x64.Build.0 = Release|x64
		{D65C4CE2-2422-4B57-894D-50C0E602F4D0}.Release|x64.Deploy.0 = Release|x64
		{D65C4CE2-2422-4B57-894D-50C0E602F4D0}.Release|x86.ActiveCfg = Release|x86
		{D65C4CE2-2422-4B57-894D-50C0E602F4D0}.Release|x86.Build.0 = Release|x86
		{D65C4CE2-2422-4B57-894D-50C0E602F4D0}.Release|x86.Deploy.0 = Release|x86
		{478BE63E-5808-43C1-ABF2-D228FC637B3A}.Ad-Hoc|Any CPU.ActiveCfg = Ad-Hoc|iPhone
		{478BE63E-5808-43C1-ABF2-D228FC637B3A}.Ad-Hoc|ARM.ActiveCfg = Ad-Hoc|iPhone
		{478BE63E-5808-43C1-ABF2-D228FC637B3A}.Ad-Hoc|iPhone.ActiveCfg = Ad-Hoc|iPhone
		{478BE63E-5808-43C1-ABF2-D228FC637B3A}.Ad-Hoc|iPhone.Build.0 = Ad-Hoc|iPhone
		{478BE63E-5808-43C1-ABF2-D228FC637B3A}.Ad-Hoc|iPhoneSimulator.ActiveCfg = Ad-Hoc|iPhoneSimulator
		{478BE63E-5808-43C1-ABF2-D228FC637B3A}.Ad-Hoc|iPhoneSimulator.Build.0 = Ad-Hoc|iPhoneSimulator
		{478BE63E-5808-43C1-ABF2-D228FC637B3A}.Ad-Hoc|x64.ActiveCfg = Ad-Hoc|iPhone
		{478BE63E-5808-43C1-ABF2-D228FC637B3A}.Ad-Hoc|x86.ActiveCfg = Ad-Hoc|iPhone
		{478BE63E-5808-43C1-ABF2-D228FC637B3A}.AppStore|Any CPU.ActiveCfg = AppStore|iPhone
		{478BE63E-5808-43C1-ABF2-D228FC637B3A}.AppStore|ARM.ActiveCfg = AppStore|iPhone
		{478BE63E-5808-43C1-ABF2-D228FC637B3A}.AppStore|iPhone.ActiveCfg = AppStore|iPhone
		{478BE63E-5808-43C1-ABF2-D228FC637B3A}.AppStore|iPhone.Build.0 = AppStore|iPhone
		{478BE63E-5808-43C1-ABF2-D228FC637B3A}.AppStore|iPhoneSimulator.ActiveCfg = AppStore|iPhoneSimulator
		{478BE63E-5808-43C1-ABF2-D228FC637B3A}.AppStore|iPhoneSimulator.Build.0 = AppStore|iPhoneSimulator
		{478BE63E-5808-43C1-ABF2-D228FC637B3A}.AppStore|x64.ActiveCfg = AppStore|iPhone
		{478BE63E-5808-43C1-ABF2-D228FC637B3A}.AppStore|x86.ActiveCfg = AppStore|iPhone
		{478BE63E-5808-43C1-ABF2-D228FC637B3A}.Debug|Any CPU.ActiveCfg = Debug|iPhone
		{478BE63E-5808-43C1-ABF2-D228FC637B3A}.Debug|ARM.ActiveCfg = Debug|iPhone
		{478BE63E-5808-43C1-ABF2-D228FC637B3A}.Debug|iPhone.ActiveCfg = Debug|iPhone
		{478BE63E-5808-43C1-ABF2-D228FC637B3A}.Debug|iPhone.Build.0 = Debug|iPhone
		{478BE63E-5808-43C1-ABF2-D228FC637B3A}.Debug|iPhoneSimulator.ActiveCfg = Debug|iPhoneSimulator
		{478BE63E-5808-43C1-ABF2-D228FC637B3A}.Debug|iPhoneSimulator.Build.0 = Debug|iPhoneSimulator
		{478BE63E-5808-43C1-ABF2-D228FC637B3A}.Debug|x64.ActiveCfg = Debug|iPhone
		{478BE63E-5808-43C1-ABF2-D228FC637B3A}.Debug|x86.ActiveCfg = Debug|iPhone
		{478BE63E-5808-43C1-ABF2-D228FC637B3A}.Release|Any CPU.ActiveCfg = Release|iPhone
		{478BE63E-5808-43C1-ABF2-D228FC637B3A}.Release|ARM.ActiveCfg = Release|iPhone
		{478BE63E-5808-43C1-ABF2-D228FC637B3A}.Release|iPhone.ActiveCfg = Release|iPhone
		{478BE63E-5808-43C1-ABF2-D228FC637B3A}.Release|iPhone.Build.0 = Release|iPhone
		{478BE63E-5808-43C1-ABF2-D228FC637B3A}.Release|iPhoneSimulator.ActiveCfg = Release|iPhoneSimulator
		{478BE63E-5808-43C1-ABF2-D228FC637B3A}.Release|iPhoneSimulator.Build.0 = Release|iPhoneSimulator
		{478BE63E-5808-43C1-ABF2-D228FC637B3A}.Release|x64.ActiveCfg = Release|iPhone
		{478BE63E-5808-43C1-ABF2-D228FC637B3A}.Release|x86.ActiveCfg = Release|iPhone
	EndGlobalSection
	GlobalSection(SolutionProperties) = preSolution
		HideSolutionNode = FALSE
	EndGlobalSection
	GlobalSection(ExtensibilityGlobals) = postSolution
		SolutionGuid = {2E58E3B1-8E2B-4666-B95B-5FC5B789FEDB}
	EndGlobalSection
EndGlobal
